// !$*UTF8*$!
{
	archiveVersion = 1;
	classes = {
	};
	objectVersion = 56;
	objects = {

/* Begin PBXBuildFile section */
		2094E387504C1A32B4B9F356 /* Pods_Trackify.framework in Frameworks */ = {isa = PBXBuildFile; fileRef = 4DC3311647F5473B552B6B26 /* Pods_Trackify.framework */; };
		5AF968482B62C9FA004BF0AF /* AppDelegate.swift in Sources */ = {isa = PBXBuildFile; fileRef = 5AF968472B62C9FA004BF0AF /* AppDelegate.swift */; };
		5AF9684A2B62C9FA004BF0AF /* SceneDelegate.swift in Sources */ = {isa = PBXBuildFile; fileRef = 5AF968492B62C9FA004BF0AF /* SceneDelegate.swift */; };
		5AF9684C2B62C9FA004BF0AF /* ViewController.swift in Sources */ = {isa = PBXBuildFile; fileRef = 5AF9684B2B62C9FA004BF0AF /* ViewController.swift */; };
		5AF9684F2B62C9FA004BF0AF /* Main.storyboard in Resources */ = {isa = PBXBuildFile; fileRef = 5AF9684D2B62C9FA004BF0AF /* Main.storyboard */; };
		5AF968522B62C9FA004BF0AF /* Trackify.xcdatamodeld in Sources */ = {isa = PBXBuildFile; fileRef = 5AF968502B62C9FA004BF0AF /* Trackify.xcdatamodeld */; };
		5AF968542B62C9FB004BF0AF /* Assets.xcassets in Resources */ = {isa = PBXBuildFile; fileRef = 5AF968532B62C9FB004BF0AF /* Assets.xcassets */; };
		5AF968572B62C9FB004BF0AF /* LaunchScreen.storyboard in Resources */ = {isa = PBXBuildFile; fileRef = 5AF968552B62C9FB004BF0AF /* LaunchScreen.storyboard */; };
		5AF968622B62C9FC004BF0AF /* TrackifyTests.swift in Sources */ = {isa = PBXBuildFile; fileRef = 5AF968612B62C9FC004BF0AF /* TrackifyTests.swift */; };
		5AF9686C2B62C9FC004BF0AF /* TrackifyUITests.swift in Sources */ = {isa = PBXBuildFile; fileRef = 5AF9686B2B62C9FC004BF0AF /* TrackifyUITests.swift */; };
		5AF9686E2B62C9FC004BF0AF /* TrackifyUITestsLaunchTests.swift in Sources */ = {isa = PBXBuildFile; fileRef = 5AF9686D2B62C9FC004BF0AF /* TrackifyUITestsLaunchTests.swift */; };
		5B6378488A1B3D2D90BBCA41 /* Pods_TrackifyTests.framework in Frameworks */ = {isa = PBXBuildFile; fileRef = 31F1B9B5606A5130EA21CF40 /* Pods_TrackifyTests.framework */; };
		7B57C902567DB7251C47AD0F /* Pods_Trackify_TrackifyUITests.framework in Frameworks */ = {isa = PBXBuildFile; fileRef = 57F43A23B6B1A8C685684E05 /* Pods_Trackify_TrackifyUITests.framework */; };
/* End PBXBuildFile section */

/* Begin PBXContainerItemProxy section */
		5AF9685E2B62C9FC004BF0AF /* PBXContainerItemProxy */ = {
			isa = PBXContainerItemProxy;
			containerPortal = 5AF9683C2B62C9F9004BF0AF /* Project object */;
			proxyType = 1;
			remoteGlobalIDString = 5AF968432B62C9FA004BF0AF;
			remoteInfo = Trackify;
		};
		5AF968682B62C9FC004BF0AF /* PBXContainerItemProxy */ = {
			isa = PBXContainerItemProxy;
			containerPortal = 5AF9683C2B62C9F9004BF0AF /* Project object */;
			proxyType = 1;
			remoteGlobalIDString = 5AF968432B62C9FA004BF0AF;
			remoteInfo = Trackify;
		};
/* End PBXContainerItemProxy section */

/* Begin PBXFileReference section */
		0478121F90972979C22BFCB4 /* Pods-Trackify.release.xcconfig */ = {isa = PBXFileReference; includeInIndex = 1; lastKnownFileType = text.xcconfig; name = "Pods-Trackify.release.xcconfig"; path = "Target Support Files/Pods-Trackify/Pods-Trackify.release.xcconfig"; sourceTree = "<group>"; };
		31F1B9B5606A5130EA21CF40 /* Pods_TrackifyTests.framework */ = {isa = PBXFileReference; explicitFileType = wrapper.framework; includeInIndex = 0; path = Pods_TrackifyTests.framework; sourceTree = BUILT_PRODUCTS_DIR; };
		3C99167F4C5979890C5B612C /* Pods-TrackifyTests.debug.xcconfig */ = {isa = PBXFileReference; includeInIndex = 1; lastKnownFileType = text.xcconfig; name = "Pods-TrackifyTests.debug.xcconfig"; path = "Target Support Files/Pods-TrackifyTests/Pods-TrackifyTests.debug.xcconfig"; sourceTree = "<group>"; };
		4DC3311647F5473B552B6B26 /* Pods_Trackify.framework */ = {isa = PBXFileReference; explicitFileType = wrapper.framework; includeInIndex = 0; path = Pods_Trackify.framework; sourceTree = BUILT_PRODUCTS_DIR; };
		57F43A23B6B1A8C685684E05 /* Pods_Trackify_TrackifyUITests.framework */ = {isa = PBXFileReference; explicitFileType = wrapper.framework; includeInIndex = 0; path = Pods_Trackify_TrackifyUITests.framework; sourceTree = BUILT_PRODUCTS_DIR; };
		5AF968442B62C9FA004BF0AF /* Trackify.app */ = {isa = PBXFileReference; explicitFileType = wrapper.application; includeInIndex = 0; path = Trackify.app; sourceTree = BUILT_PRODUCTS_DIR; };
		5AF968472B62C9FA004BF0AF /* AppDelegate.swift */ = {isa = PBXFileReference; lastKnownFileType = sourcecode.swift; path = AppDelegate.swift; sourceTree = "<group>"; };
		5AF968492B62C9FA004BF0AF /* SceneDelegate.swift */ = {isa = PBXFileReference; lastKnownFileType = sourcecode.swift; path = SceneDelegate.swift; sourceTree = "<group>"; };
		5AF9684B2B62C9FA004BF0AF /* ViewController.swift */ = {isa = PBXFileReference; lastKnownFileType = sourcecode.swift; path = ViewController.swift; sourceTree = "<group>"; };
		5AF9684E2B62C9FA004BF0AF /* Base */ = {isa = PBXFileReference; lastKnownFileType = file.storyboard; name = Base; path = Base.lproj/Main.storyboard; sourceTree = "<group>"; };
		5AF968512B62C9FA004BF0AF /* Trackify.xcdatamodel */ = {isa = PBXFileReference; lastKnownFileType = wrapper.xcdatamodel; path = Trackify.xcdatamodel; sourceTree = "<group>"; };
		5AF968532B62C9FB004BF0AF /* Assets.xcassets */ = {isa = PBXFileReference; lastKnownFileType = folder.assetcatalog; path = Assets.xcassets; sourceTree = "<group>"; };
		5AF968562B62C9FB004BF0AF /* Base */ = {isa = PBXFileReference; lastKnownFileType = file.storyboard; name = Base; path = Base.lproj/LaunchScreen.storyboard; sourceTree = "<group>"; };
		5AF968582B62C9FB004BF0AF /* Info.plist */ = {isa = PBXFileReference; lastKnownFileType = text.plist.xml; path = Info.plist; sourceTree = "<group>"; };
		5AF9685D2B62C9FC004BF0AF /* TrackifyTests.xctest */ = {isa = PBXFileReference; explicitFileType = wrapper.cfbundle; includeInIndex = 0; path = TrackifyTests.xctest; sourceTree = BUILT_PRODUCTS_DIR; };
		5AF968612B62C9FC004BF0AF /* TrackifyTests.swift */ = {isa = PBXFileReference; lastKnownFileType = sourcecode.swift; path = TrackifyTests.swift; sourceTree = "<group>"; };
		5AF968672B62C9FC004BF0AF /* TrackifyUITests.xctest */ = {isa = PBXFileReference; explicitFileType = wrapper.cfbundle; includeInIndex = 0; path = TrackifyUITests.xctest; sourceTree = BUILT_PRODUCTS_DIR; };
		5AF9686B2B62C9FC004BF0AF /* TrackifyUITests.swift */ = {isa = PBXFileReference; lastKnownFileType = sourcecode.swift; path = TrackifyUITests.swift; sourceTree = "<group>"; };
		5AF9686D2B62C9FC004BF0AF /* TrackifyUITestsLaunchTests.swift */ = {isa = PBXFileReference; lastKnownFileType = sourcecode.swift; path = TrackifyUITestsLaunchTests.swift; sourceTree = "<group>"; };
		8DE71AAD73337326A1A9E325 /* Pods-Trackify.debug.xcconfig */ = {isa = PBXFileReference; includeInIndex = 1; lastKnownFileType = text.xcconfig; name = "Pods-Trackify.debug.xcconfig"; path = "Target Support Files/Pods-Trackify/Pods-Trackify.debug.xcconfig"; sourceTree = "<group>"; };
		C52966F17BA4C1EF5A61A1B7 /* Pods-Trackify-TrackifyUITests.release.xcconfig */ = {isa = PBXFileReference; includeInIndex = 1; lastKnownFileType = text.xcconfig; name = "Pods-Trackify-TrackifyUITests.release.xcconfig"; path = "Target Support Files/Pods-Trackify-TrackifyUITests/Pods-Trackify-TrackifyUITests.release.xcconfig"; sourceTree = "<group>"; };
		CA8145E0FDD24757EB932A84 /* Pods-Trackify-TrackifyUITests.debug.xcconfig */ = {isa = PBXFileReference; includeInIndex = 1; lastKnownFileType = text.xcconfig; name = "Pods-Trackify-TrackifyUITests.debug.xcconfig"; path = "Target Support Files/Pods-Trackify-TrackifyUITests/Pods-Trackify-TrackifyUITests.debug.xcconfig"; sourceTree = "<group>"; };
		D0248DFE3EFF758FFF61C19D /* Pods-TrackifyTests.release.xcconfig */ = {isa = PBXFileReference; includeInIndex = 1; lastKnownFileType = text.xcconfig; name = "Pods-TrackifyTests.release.xcconfig"; path = "Target Support Files/Pods-TrackifyTests/Pods-TrackifyTests.release.xcconfig"; sourceTree = "<group>"; };
/* End PBXFileReference section */

/* Begin PBXFrameworksBuildPhase section */
		5AF968412B62C9FA004BF0AF /* Frameworks */ = {
			isa = PBXFrameworksBuildPhase;
			buildActionMask = 2147483647;
			files = (
				2094E387504C1A32B4B9F356 /* Pods_Trackify.framework in Frameworks */,
			);
			runOnlyForDeploymentPostprocessing = 0;
		};
		5AF9685A2B62C9FC004BF0AF /* Frameworks */ = {
			isa = PBXFrameworksBuildPhase;
			buildActionMask = 2147483647;
			files = (
				5B6378488A1B3D2D90BBCA41 /* Pods_TrackifyTests.framework in Frameworks */,
			);
			runOnlyForDeploymentPostprocessing = 0;
		};
		5AF968642B62C9FC004BF0AF /* Frameworks */ = {
			isa = PBXFrameworksBuildPhase;
			buildActionMask = 2147483647;
			files = (
				7B57C902567DB7251C47AD0F /* Pods_Trackify_TrackifyUITests.framework in Frameworks */,
			);
			runOnlyForDeploymentPostprocessing = 0;
		};
/* End PBXFrameworksBuildPhase section */

/* Begin PBXGroup section */
		5AF9683B2B62C9F9004BF0AF = {
			isa = PBXGroup;
			children = (
				5AF968462B62C9FA004BF0AF /* Trackify */,
				5AF968602B62C9FC004BF0AF /* TrackifyTests */,
				5AF9686A2B62C9FC004BF0AF /* TrackifyUITests */,
				5AF968452B62C9FA004BF0AF /* Products */,
				C773F39040090E4F4D41F8EA /* Pods */,
				5CF0F377A18B649B68C69E49 /* Frameworks */,
			);
			sourceTree = "<group>";
		};
		5AF968452B62C9FA004BF0AF /* Products */ = {
			isa = PBXGroup;
			children = (
				5AF968442B62C9FA004BF0AF /* Trackify.app */,
				5AF9685D2B62C9FC004BF0AF /* TrackifyTests.xctest */,
				5AF968672B62C9FC004BF0AF /* TrackifyUITests.xctest */,
			);
			name = Products;
			sourceTree = "<group>";
		};
		5AF968462B62C9FA004BF0AF /* Trackify */ = {
			isa = PBXGroup;
			children = (
				5AF968472B62C9FA004BF0AF /* AppDelegate.swift */,
				5AF968492B62C9FA004BF0AF /* SceneDelegate.swift */,
				5AF9684B2B62C9FA004BF0AF /* ViewController.swift */,
				5AF9684D2B62C9FA004BF0AF /* Main.storyboard */,
				5AF968532B62C9FB004BF0AF /* Assets.xcassets */,
				5AF968552B62C9FB004BF0AF /* LaunchScreen.storyboard */,
				5AF968582B62C9FB004BF0AF /* Info.plist */,
				5AF968502B62C9FA004BF0AF /* Trackify.xcdatamodeld */,
			);
			path = Trackify;
			sourceTree = "<group>";
		};
		5AF968602B62C9FC004BF0AF /* TrackifyTests */ = {
			isa = PBXGroup;
			children = (
				5AF968612B62C9FC004BF0AF /* TrackifyTests.swift */,
			);
			path = TrackifyTests;
			sourceTree = "<group>";
		};
		5AF9686A2B62C9FC004BF0AF /* TrackifyUITests */ = {
			isa = PBXGroup;
			children = (
				5AF9686B2B62C9FC004BF0AF /* TrackifyUITests.swift */,
				5AF9686D2B62C9FC004BF0AF /* TrackifyUITestsLaunchTests.swift */,
			);
			path = TrackifyUITests;
			sourceTree = "<group>";
		};
		5CF0F377A18B649B68C69E49 /* Frameworks */ = {
			isa = PBXGroup;
			children = (
				4DC3311647F5473B552B6B26 /* Pods_Trackify.framework */,
				57F43A23B6B1A8C685684E05 /* Pods_Trackify_TrackifyUITests.framework */,
				31F1B9B5606A5130EA21CF40 /* Pods_TrackifyTests.framework */,
			);
			name = Frameworks;
			sourceTree = "<group>";
		};
		C773F39040090E4F4D41F8EA /* Pods */ = {
			isa = PBXGroup;
			children = (
				8DE71AAD73337326A1A9E325 /* Pods-Trackify.debug.xcconfig */,
				0478121F90972979C22BFCB4 /* Pods-Trackify.release.xcconfig */,
				CA8145E0FDD24757EB932A84 /* Pods-Trackify-TrackifyUITests.debug.xcconfig */,
				C52966F17BA4C1EF5A61A1B7 /* Pods-Trackify-TrackifyUITests.release.xcconfig */,
				3C99167F4C5979890C5B612C /* Pods-TrackifyTests.debug.xcconfig */,
				D0248DFE3EFF758FFF61C19D /* Pods-TrackifyTests.release.xcconfig */,
			);
			name = Pods;
			path = Pods;
			sourceTree = "<group>";
		};
/* End PBXGroup section */

/* Begin PBXNativeTarget section */
		5AF968432B62C9FA004BF0AF /* Trackify */ = {
			isa = PBXNativeTarget;
			buildConfigurationList = 5AF968712B62C9FC004BF0AF /* Build configuration list for PBXNativeTarget "Trackify" */;
			buildPhases = (
				F06EBB8D9C0DE95B89B6E3F2 /* [CP] Check Pods Manifest.lock */,
				5AF968402B62C9FA004BF0AF /* Sources */,
				5AF968412B62C9FA004BF0AF /* Frameworks */,
				5AF968422B62C9FA004BF0AF /* Resources */,
			);
			buildRules = (
			);
			dependencies = (
			);
			name = Trackify;
			productName = Trackify;
			productReference = 5AF968442B62C9FA004BF0AF /* Trackify.app */;
			productType = "com.apple.product-type.application";
		};
		5AF9685C2B62C9FC004BF0AF /* TrackifyTests */ = {
			isa = PBXNativeTarget;
			buildConfigurationList = 5AF968742B62C9FC004BF0AF /* Build configuration list for PBXNativeTarget "TrackifyTests" */;
			buildPhases = (
				4C39314AC9EB9A16BD0C1A43 /* [CP] Check Pods Manifest.lock */,
				5AF968592B62C9FC004BF0AF /* Sources */,
				5AF9685A2B62C9FC004BF0AF /* Frameworks */,
				5AF9685B2B62C9FC004BF0AF /* Resources */,
			);
			buildRules = (
			);
			dependencies = (
				5AF9685F2B62C9FC004BF0AF /* PBXTargetDependency */,
			);
			name = TrackifyTests;
			productName = TrackifyTests;
			productReference = 5AF9685D2B62C9FC004BF0AF /* TrackifyTests.xctest */;
			productType = "com.apple.product-type.bundle.unit-test";
		};
		5AF968662B62C9FC004BF0AF /* TrackifyUITests */ = {
			isa = PBXNativeTarget;
			buildConfigurationList = 5AF968772B62C9FC004BF0AF /* Build configuration list for PBXNativeTarget "TrackifyUITests" */;
			buildPhases = (
				939D98CEB5D5B9CD52FA31AB /* [CP] Check Pods Manifest.lock */,
				5AF968632B62C9FC004BF0AF /* Sources */,
				5AF968642B62C9FC004BF0AF /* Frameworks */,
				5AF968652B62C9FC004BF0AF /* Resources */,
				E913FC95116F8B450EA82B80 /* [CP] Embed Pods Frameworks */,
			);
			buildRules = (
			);
			dependencies = (
				5AF968692B62C9FC004BF0AF /* PBXTargetDependency */,
			);
			name = TrackifyUITests;
			productName = TrackifyUITests;
			productReference = 5AF968672B62C9FC004BF0AF /* TrackifyUITests.xctest */;
			productType = "com.apple.product-type.bundle.ui-testing";
		};
/* End PBXNativeTarget section */

/* Begin PBXProject section */
		5AF9683C2B62C9F9004BF0AF /* Project object */ = {
			isa = PBXProject;
			attributes = {
				BuildIndependentTargetsInParallel = 1;
				LastSwiftUpdateCheck = 1420;
				LastUpgradeCheck = 1420;
				TargetAttributes = {
					5AF968432B62C9FA004BF0AF = {
						CreatedOnToolsVersion = 14.2;
					};
					5AF9685C2B62C9FC004BF0AF = {
						CreatedOnToolsVersion = 14.2;
						TestTargetID = 5AF968432B62C9FA004BF0AF;
					};
					5AF968662B62C9FC004BF0AF = {
						CreatedOnToolsVersion = 14.2;
						TestTargetID = 5AF968432B62C9FA004BF0AF;
					};
				};
			};
			buildConfigurationList = 5AF9683F2B62C9F9004BF0AF /* Build configuration list for PBXProject "Trackify" */;
			compatibilityVersion = "Xcode 14.0";
			developmentRegion = en;
			hasScannedForEncodings = 0;
			knownRegions = (
				en,
				Base,
			);
			mainGroup = 5AF9683B2B62C9F9004BF0AF;
			productRefGroup = 5AF968452B62C9FA004BF0AF /* Products */;
			projectDirPath = "";
			projectRoot = "";
			targets = (
				5AF968432B62C9FA004BF0AF /* Trackify */,
				5AF9685C2B62C9FC004BF0AF /* TrackifyTests */,
				5AF968662B62C9FC004BF0AF /* TrackifyUITests */,
			);
		};
/* End PBXProject section */

/* Begin PBXResourcesBuildPhase section */
		5AF968422B62C9FA004BF0AF /* Resources */ = {
			isa = PBXResourcesBuildPhase;
			buildActionMask = 2147483647;
			files = (
				5AF968572B62C9FB004BF0AF /* LaunchScreen.storyboard in Resources */,
				5AF968542B62C9FB004BF0AF /* Assets.xcassets in Resources */,
				5AF9684F2B62C9FA004BF0AF /* Main.storyboard in Resources */,
			);
			runOnlyForDeploymentPostprocessing = 0;
		};
		5AF9685B2B62C9FC004BF0AF /* Resources */ = {
			isa = PBXResourcesBuildPhase;
			buildActionMask = 2147483647;
			files = (
			);
			runOnlyForDeploymentPostprocessing = 0;
		};
		5AF968652B62C9FC004BF0AF /* Resources */ = {
			isa = PBXResourcesBuildPhase;
			buildActionMask = 2147483647;
			files = (
			);
			runOnlyForDeploymentPostprocessing = 0;
		};
/* End PBXResourcesBuildPhase section */

/* Begin PBXShellScriptBuildPhase section */
		4C39314AC9EB9A16BD0C1A43 /* [CP] Check Pods Manifest.lock */ = {
			isa = PBXShellScriptBuildPhase;
			buildActionMask = 2147483647;
			files = (
			);
			inputFileListPaths = (
			);
			inputPaths = (
				"${PODS_PODFILE_DIR_PATH}/Podfile.lock",
				"${PODS_ROOT}/Manifest.lock",
			);
			name = "[CP] Check Pods Manifest.lock";
			outputFileListPaths = (
			);
			outputPaths = (
				"$(DERIVED_FILE_DIR)/Pods-TrackifyTests-checkManifestLockResult.txt",
			);
			runOnlyForDeploymentPostprocessing = 0;
			shellPath = /bin/sh;
			shellScript = "diff \"${PODS_PODFILE_DIR_PATH}/Podfile.lock\" \"${PODS_ROOT}/Manifest.lock\" > /dev/null\nif [ $? != 0 ] ; then\n    # print error to STDERR\n    echo \"error: The sandbox is not in sync with the Podfile.lock. Run 'pod install' or update your CocoaPods installation.\" >&2\n    exit 1\nfi\n# This output is used by Xcode 'outputs' to avoid re-running this script phase.\necho \"SUCCESS\" > \"${SCRIPT_OUTPUT_FILE_0}\"\n";
			showEnvVarsInLog = 0;
		};
		939D98CEB5D5B9CD52FA31AB /* [CP] Check Pods Manifest.lock */ = {
			isa = PBXShellScriptBuildPhase;
			buildActionMask = 2147483647;
			files = (
			);
			inputFileListPaths = (
			);
			inputPaths = (
				"${PODS_PODFILE_DIR_PATH}/Podfile.lock",
				"${PODS_ROOT}/Manifest.lock",
			);
			name = "[CP] Check Pods Manifest.lock";
			outputFileListPaths = (
			);
			outputPaths = (
				"$(DERIVED_FILE_DIR)/Pods-Trackify-TrackifyUITests-checkManifestLockResult.txt",
			);
			runOnlyForDeploymentPostprocessing = 0;
			shellPath = /bin/sh;
			shellScript = "diff \"${PODS_PODFILE_DIR_PATH}/Podfile.lock\" \"${PODS_ROOT}/Manifest.lock\" > /dev/null\nif [ $? != 0 ] ; then\n    # print error to STDERR\n    echo \"error: The sandbox is not in sync with the Podfile.lock. Run 'pod install' or update your CocoaPods installation.\" >&2\n    exit 1\nfi\n# This output is used by Xcode 'outputs' to avoid re-running this script phase.\necho \"SUCCESS\" > \"${SCRIPT_OUTPUT_FILE_0}\"\n";
			showEnvVarsInLog = 0;
		};
		E913FC95116F8B450EA82B80 /* [CP] Embed Pods Frameworks */ = {
			isa = PBXShellScriptBuildPhase;
			buildActionMask = 2147483647;
			files = (
			);
			inputFileListPaths = (
				"${PODS_ROOT}/Target Support Files/Pods-Trackify-TrackifyUITests/Pods-Trackify-TrackifyUITests-frameworks-${CONFIGURATION}-input-files.xcfilelist",
			);
			name = "[CP] Embed Pods Frameworks";
			outputFileListPaths = (
				"${PODS_ROOT}/Target Support Files/Pods-Trackify-TrackifyUITests/Pods-Trackify-TrackifyUITests-frameworks-${CONFIGURATION}-output-files.xcfilelist",
			);
			runOnlyForDeploymentPostprocessing = 0;
			shellPath = /bin/sh;
			shellScript = "\"${PODS_ROOT}/Target Support Files/Pods-Trackify-TrackifyUITests/Pods-Trackify-TrackifyUITests-frameworks.sh\"\n";
			showEnvVarsInLog = 0;
		};
		F06EBB8D9C0DE95B89B6E3F2 /* [CP] Check Pods Manifest.lock */ = {
			isa = PBXShellScriptBuildPhase;
			buildActionMask = 2147483647;
			files = (
			);
			inputFileListPaths = (
			);
			inputPaths = (
				"${PODS_PODFILE_DIR_PATH}/Podfile.lock",
				"${PODS_ROOT}/Manifest.lock",
			);
			name = "[CP] Check Pods Manifest.lock";
			outputFileListPaths = (
			);
			outputPaths = (
				"$(DERIVED_FILE_DIR)/Pods-Trackify-checkManifestLockResult.txt",
			);
			runOnlyForDeploymentPostprocessing = 0;
			shellPath = /bin/sh;
			shellScript = "diff \"${PODS_PODFILE_DIR_PATH}/Podfile.lock\" \"${PODS_ROOT}/Manifest.lock\" > /dev/null\nif [ $? != 0 ] ; then\n    # print error to STDERR\n    echo \"error: The sandbox is not in sync with the Podfile.lock. Run 'pod install' or update your CocoaPods installation.\" >&2\n    exit 1\nfi\n# This output is used by Xcode 'outputs' to avoid re-running this script phase.\necho \"SUCCESS\" > \"${SCRIPT_OUTPUT_FILE_0}\"\n";
			showEnvVarsInLog = 0;
		};
/* End PBXShellScriptBuildPhase section */

/* Begin PBXSourcesBuildPhase section */
		5AF968402B62C9FA004BF0AF /* Sources */ = {
			isa = PBXSourcesBuildPhase;
			buildActionMask = 2147483647;
			files = (
				5AF9684C2B62C9FA004BF0AF /* ViewController.swift in Sources */,
				5AF968482B62C9FA004BF0AF /* AppDelegate.swift in Sources */,
				5AF968522B62C9FA004BF0AF /* Trackify.xcdatamodeld in Sources */,
				5AF9684A2B62C9FA004BF0AF /* SceneDelegate.swift in Sources */,
			);
			runOnlyForDeploymentPostprocessing = 0;
		};
		5AF968592B62C9FC004BF0AF /* Sources */ = {
			isa = PBXSourcesBuildPhase;
			buildActionMask = 2147483647;
			files = (
				5AF968622B62C9FC004BF0AF /* TrackifyTests.swift in Sources */,
			);
			runOnlyForDeploymentPostprocessing = 0;
		};
		5AF968632B62C9FC004BF0AF /* Sources */ = {
			isa = PBXSourcesBuildPhase;
			buildActionMask = 2147483647;
			files = (
				5AF9686E2B62C9FC004BF0AF /* TrackifyUITestsLaunchTests.swift in Sources */,
				5AF9686C2B62C9FC004BF0AF /* TrackifyUITests.swift in Sources */,
			);
			runOnlyForDeploymentPostprocessing = 0;
		};
/* End PBXSourcesBuildPhase section */

/* Begin PBXTargetDependency section */
		5AF9685F2B62C9FC004BF0AF /* PBXTargetDependency */ = {
			isa = PBXTargetDependency;
			target = 5AF968432B62C9FA004BF0AF /* Trackify */;
			targetProxy = 5AF9685E2B62C9FC004BF0AF /* PBXContainerItemProxy */;
		};
		5AF968692B62C9FC004BF0AF /* PBXTargetDependency */ = {
			isa = PBXTargetDependency;
			target = 5AF968432B62C9FA004BF0AF /* Trackify */;
			targetProxy = 5AF968682B62C9FC004BF0AF /* PBXContainerItemProxy */;
		};
/* End PBXTargetDependency section */

/* Begin PBXVariantGroup section */
		5AF9684D2B62C9FA004BF0AF /* Main.storyboard */ = {
			isa = PBXVariantGroup;
			children = (
				5AF9684E2B62C9FA004BF0AF /* Base */,
			);
			name = Main.storyboard;
			sourceTree = "<group>";
		};
		5AF968552B62C9FB004BF0AF /* LaunchScreen.storyboard */ = {
			isa = PBXVariantGroup;
			children = (
				5AF968562B62C9FB004BF0AF /* Base */,
			);
			name = LaunchScreen.storyboard;
			sourceTree = "<group>";
		};
/* End PBXVariantGroup section */

/* Begin XCBuildConfiguration section */
		5AF9686F2B62C9FC004BF0AF /* Debug */ = {
			isa = XCBuildConfiguration;
			buildSettings = {
				ALWAYS_SEARCH_USER_PATHS = NO;
				CLANG_ANALYZER_NONNULL = YES;
				CLANG_ANALYZER_NUMBER_OBJECT_CONVERSION = YES_AGGRESSIVE;
				CLANG_CXX_LANGUAGE_STANDARD = "gnu++20";
				CLANG_ENABLE_MODULES = YES;
				CLANG_ENABLE_OBJC_ARC = YES;
				CLANG_ENABLE_OBJC_WEAK = YES;
				CLANG_WARN_BLOCK_CAPTURE_AUTORELEASING = YES;
				CLANG_WARN_BOOL_CONVERSION = YES;
				CLANG_WARN_COMMA = YES;
				CLANG_WARN_CONSTANT_CONVERSION = YES;
				CLANG_WARN_DEPRECATED_OBJC_IMPLEMENTATIONS = YES;
				CLANG_WARN_DIRECT_OBJC_ISA_USAGE = YES_ERROR;
				CLANG_WARN_DOCUMENTATION_COMMENTS = YES;
				CLANG_WARN_EMPTY_BODY = YES;
				CLANG_WARN_ENUM_CONVERSION = YES;
				CLANG_WARN_INFINITE_RECURSION = YES;
				CLANG_WARN_INT_CONVERSION = YES;
				CLANG_WARN_NON_LITERAL_NULL_CONVERSION = YES;
				CLANG_WARN_OBJC_IMPLICIT_RETAIN_SELF = YES;
				CLANG_WARN_OBJC_LITERAL_CONVERSION = YES;
				CLANG_WARN_OBJC_ROOT_CLASS = YES_ERROR;
				CLANG_WARN_QUOTED_INCLUDE_IN_FRAMEWORK_HEADER = YES;
				CLANG_WARN_RANGE_LOOP_ANALYSIS = YES;
				CLANG_WARN_STRICT_PROTOTYPES = YES;
				CLANG_WARN_SUSPICIOUS_MOVE = YES;
				CLANG_WARN_UNGUARDED_AVAILABILITY = YES_AGGRESSIVE;
				CLANG_WARN_UNREACHABLE_CODE = YES;
				CLANG_WARN__DUPLICATE_METHOD_MATCH = YES;
				COPY_PHASE_STRIP = NO;
				DEBUG_INFORMATION_FORMAT = dwarf;
				ENABLE_STRICT_OBJC_MSGSEND = YES;
				ENABLE_TESTABILITY = YES;
				GCC_C_LANGUAGE_STANDARD = gnu11;
				GCC_DYNAMIC_NO_PIC = NO;
				GCC_NO_COMMON_BLOCKS = YES;
				GCC_OPTIMIZATION_LEVEL = 0;
				GCC_PREPROCESSOR_DEFINITIONS = (
					"DEBUG=1",
					"$(inherited)",
				);
				GCC_WARN_64_TO_32_BIT_CONVERSION = YES;
				GCC_WARN_ABOUT_RETURN_TYPE = YES_ERROR;
				GCC_WARN_UNDECLARED_SELECTOR = YES;
				GCC_WARN_UNINITIALIZED_AUTOS = YES_AGGRESSIVE;
				GCC_WARN_UNUSED_FUNCTION = YES;
				GCC_WARN_UNUSED_VARIABLE = YES;
				IPHONEOS_DEPLOYMENT_TARGET = 16.2;
				MTL_ENABLE_DEBUG_INFO = INCLUDE_SOURCE;
				MTL_FAST_MATH = YES;
				ONLY_ACTIVE_ARCH = YES;
				SDKROOT = iphoneos;
				SWIFT_ACTIVE_COMPILATION_CONDITIONS = DEBUG;
				SWIFT_OPTIMIZATION_LEVEL = "-Onone";
			};
			name = Debug;
		};
		5AF968702B62C9FC004BF0AF /* Release */ = {
			isa = XCBuildConfiguration;
			buildSettings = {
				ALWAYS_SEARCH_USER_PATHS = NO;
				CLANG_ANALYZER_NONNULL = YES;
				CLANG_ANALYZER_NUMBER_OBJECT_CONVERSION = YES_AGGRESSIVE;
				CLANG_CXX_LANGUAGE_STANDARD = "gnu++20";
				CLANG_ENABLE_MODULES = YES;
				CLANG_ENABLE_OBJC_ARC = YES;
				CLANG_ENABLE_OBJC_WEAK = YES;
				CLANG_WARN_BLOCK_CAPTURE_AUTORELEASING = YES;
				CLANG_WARN_BOOL_CONVERSION = YES;
				CLANG_WARN_COMMA = YES;
				CLANG_WARN_CONSTANT_CONVERSION = YES;
				CLANG_WARN_DEPRECATED_OBJC_IMPLEMENTATIONS = YES;
				CLANG_WARN_DIRECT_OBJC_ISA_USAGE = YES_ERROR;
				CLANG_WARN_DOCUMENTATION_COMMENTS = YES;
				CLANG_WARN_EMPTY_BODY = YES;
				CLANG_WARN_ENUM_CONVERSION = YES;
				CLANG_WARN_INFINITE_RECURSION = YES;
				CLANG_WARN_INT_CONVERSION = YES;
				CLANG_WARN_NON_LITERAL_NULL_CONVERSION = YES;
				CLANG_WARN_OBJC_IMPLICIT_RETAIN_SELF = YES;
				CLANG_WARN_OBJC_LITERAL_CONVERSION = YES;
				CLANG_WARN_OBJC_ROOT_CLASS = YES_ERROR;
				CLANG_WARN_QUOTED_INCLUDE_IN_FRAMEWORK_HEADER = YES;
				CLANG_WARN_RANGE_LOOP_ANALYSIS = YES;
				CLANG_WARN_STRICT_PROTOTYPES = YES;
				CLANG_WARN_SUSPICIOUS_MOVE = YES;
				CLANG_WARN_UNGUARDED_AVAILABILITY = YES_AGGRESSIVE;
				CLANG_WARN_UNREACHABLE_CODE = YES;
				CLANG_WARN__DUPLICATE_METHOD_MATCH = YES;
				COPY_PHASE_STRIP = NO;
				DEBUG_INFORMATION_FORMAT = "dwarf-with-dsym";
				ENABLE_NS_ASSERTIONS = NO;
				ENABLE_STRICT_OBJC_MSGSEND = YES;
				GCC_C_LANGUAGE_STANDARD = gnu11;
				GCC_NO_COMMON_BLOCKS = YES;
				GCC_WARN_64_TO_32_BIT_CONVERSION = YES;
				GCC_WARN_ABOUT_RETURN_TYPE = YES_ERROR;
				GCC_WARN_UNDECLARED_SELECTOR = YES;
				GCC_WARN_UNINITIALIZED_AUTOS = YES_AGGRESSIVE;
				GCC_WARN_UNUSED_FUNCTION = YES;
				GCC_WARN_UNUSED_VARIABLE = YES;
				IPHONEOS_DEPLOYMENT_TARGET = 16.2;
				MTL_ENABLE_DEBUG_INFO = NO;
				MTL_FAST_MATH = YES;
				SDKROOT = iphoneos;
				SWIFT_COMPILATION_MODE = wholemodule;
				SWIFT_OPTIMIZATION_LEVEL = "-O";
				VALIDATE_PRODUCT = YES;
			};
			name = Release;
		};
		5AF968722B62C9FC004BF0AF /* Debug */ = {
			isa = XCBuildConfiguration;
			baseConfigurationReference = 8DE71AAD73337326A1A9E325 /* Pods-Trackify.debug.xcconfig */;
			buildSettings = {
				ASSETCATALOG_COMPILER_APPICON_NAME = AppIcon;
				ASSETCATALOG_COMPILER_GLOBAL_ACCENT_COLOR_NAME = AccentColor;
				CODE_SIGN_STYLE = Automatic;
				CURRENT_PROJECT_VERSION = 1;
				DEVELOPMENT_TEAM = B2FWVJ8N6B;
				GENERATE_INFOPLIST_FILE = YES;
				INFOPLIST_FILE = Trackify/Info.plist;
				INFOPLIST_KEY_UIApplicationSupportsIndirectInputEvents = YES;
				INFOPLIST_KEY_UILaunchStoryboardName = LaunchScreen;
				INFOPLIST_KEY_UIMainStoryboardFile = Main;
				INFOPLIST_KEY_UISupportedInterfaceOrientations_iPad = "UIInterfaceOrientationPortrait UIInterfaceOrientationPortraitUpsideDown UIInterfaceOrientationLandscapeLeft UIInterfaceOrientationLandscapeRight";
				INFOPLIST_KEY_UISupportedInterfaceOrientations_iPhone = "UIInterfaceOrientationPortrait UIInterfaceOrientationLandscapeLeft UIInterfaceOrientationLandscapeRight";
				LD_RUNPATH_SEARCH_PATHS = (
					"$(inherited)",
					"@executable_path/Frameworks",
				);
				MARKETING_VERSION = 1.0;
				PRODUCT_BUNDLE_IDENTIFIER = "Nikita-Gras.Trackify";
				PRODUCT_NAME = "$(TARGET_NAME)";
				SWIFT_EMIT_LOC_STRINGS = YES;
				SWIFT_VERSION = 5.0;
				TARGETED_DEVICE_FAMILY = "1,2";
			};
			name = Debug;
		};
		5AF968732B62C9FC004BF0AF /* Release */ = {
			isa = XCBuildConfiguration;
			baseConfigurationReference = 0478121F90972979C22BFCB4 /* Pods-Trackify.release.xcconfig */;
			buildSettings = {
				ASSETCATALOG_COMPILER_APPICON_NAME = AppIcon;
				ASSETCATALOG_COMPILER_GLOBAL_ACCENT_COLOR_NAME = AccentColor;
				CODE_SIGN_STYLE = Automatic;
				CURRENT_PROJECT_VERSION = 1;
				DEVELOPMENT_TEAM = B2FWVJ8N6B;
				GENERATE_INFOPLIST_FILE = YES;
				INFOPLIST_FILE = Trackify/Info.plist;
				INFOPLIST_KEY_UIApplicationSupportsIndirectInputEvents = YES;
				INFOPLIST_KEY_UILaunchStoryboardName = LaunchScreen;
				INFOPLIST_KEY_UIMainStoryboardFile = Main;
				INFOPLIST_KEY_UISupportedInterfaceOrientations_iPad = "UIInterfaceOrientationPortrait UIInterfaceOrientationPortraitUpsideDown UIInterfaceOrientationLandscapeLeft UIInterfaceOrientationLandscapeRight";
				INFOPLIST_KEY_UISupportedInterfaceOrientations_iPhone = "UIInterfaceOrientationPortrait UIInterfaceOrientationLandscapeLeft UIInterfaceOrientationLandscapeRight";
				LD_RUNPATH_SEARCH_PATHS = (
					"$(inherited)",
					"@executable_path/Frameworks",
				);
				MARKETING_VERSION = 1.0;
				PRODUCT_BUNDLE_IDENTIFIER = "Nikita-Gras.Trackify";
				PRODUCT_NAME = "$(TARGET_NAME)";
				SWIFT_EMIT_LOC_STRINGS = YES;
				SWIFT_VERSION = 5.0;
				TARGETED_DEVICE_FAMILY = "1,2";
			};
			name = Release;
		};
		5AF968752B62C9FC004BF0AF /* Debug */ = {
			isa = XCBuildConfiguration;
			baseConfigurationReference = 3C99167F4C5979890C5B612C /* Pods-TrackifyTests.debug.xcconfig */;
			buildSettings = {
				ALWAYS_EMBED_SWIFT_STANDARD_LIBRARIES = YES;
				BUNDLE_LOADER = "$(TEST_HOST)";
				CODE_SIGN_STYLE = Automatic;
				CURRENT_PROJECT_VERSION = 1;
				DEVELOPMENT_TEAM = B2FWVJ8N6B;
				GENERATE_INFOPLIST_FILE = YES;
				IPHONEOS_DEPLOYMENT_TARGET = 16.2;
				MARKETING_VERSION = 1.0;
				PRODUCT_BUNDLE_IDENTIFIER = "Nikita-Gras.TrackifyTests";
				PRODUCT_NAME = "$(TARGET_NAME)";
				SWIFT_EMIT_LOC_STRINGS = NO;
				SWIFT_VERSION = 5.0;
				TARGETED_DEVICE_FAMILY = "1,2";
				TEST_HOST = "$(BUILT_PRODUCTS_DIR)/Trackify.app/$(BUNDLE_EXECUTABLE_FOLDER_PATH)/Trackify";
			};
			name = Debug;
		};
		5AF968762B62C9FC004BF0AF /* Release */ = {
			isa = XCBuildConfiguration;
			baseConfigurationReference = D0248DFE3EFF758FFF61C19D /* Pods-TrackifyTests.release.xcconfig */;
			buildSettings = {
				ALWAYS_EMBED_SWIFT_STANDARD_LIBRARIES = YES;
				BUNDLE_LOADER = "$(TEST_HOST)";
				CODE_SIGN_STYLE = Automatic;
				CURRENT_PROJECT_VERSION = 1;
				DEVELOPMENT_TEAM = B2FWVJ8N6B;
				GENERATE_INFOPLIST_FILE = YES;
				IPHONEOS_DEPLOYMENT_TARGET = 16.2;
				MARKETING_VERSION = 1.0;
				PRODUCT_BUNDLE_IDENTIFIER = "Nikita-Gras.TrackifyTests";
				PRODUCT_NAME = "$(TARGET_NAME)";
				SWIFT_EMIT_LOC_STRINGS = NO;
				SWIFT_VERSION = 5.0;
				TARGETED_DEVICE_FAMILY = "1,2";
				TEST_HOST = "$(BUILT_PRODUCTS_DIR)/Trackify.app/$(BUNDLE_EXECUTABLE_FOLDER_PATH)/Trackify";
			};
			name = Release;
		};
		5AF968782B62C9FC004BF0AF /* Debug */ = {
			isa = XCBuildConfiguration;
			baseConfigurationReference = CA8145E0FDD24757EB932A84 /* Pods-Trackify-TrackifyUITests.debug.xcconfig */;
			buildSettings = {
				ALWAYS_EMBED_SWIFT_STANDARD_LIBRARIES = YES;
				CODE_SIGN_STYLE = Automatic;
				CURRENT_PROJECT_VERSION = 1;
				DEVELOPMENT_TEAM = B2FWVJ8N6B;
				GENERATE_INFOPLIST_FILE = YES;
				MARKETING_VERSION = 1.0;
				PRODUCT_BUNDLE_IDENTIFIER = "Nikita-Gras.TrackifyUITests";
				PRODUCT_NAME = "$(TARGET_NAME)";
				SWIFT_EMIT_LOC_STRINGS = NO;
				SWIFT_VERSION = 5.0;
				TARGETED_DEVICE_FAMILY = "1,2";
				TEST_TARGET_NAME = Trackify;
			};
			name = Debug;
		};
		5AF968792B62C9FC004BF0AF /* Release */ = {
			isa = XCBuildConfiguration;
			baseConfigurationReference = C52966F17BA4C1EF5A61A1B7 /* Pods-Trackify-TrackifyUITests.release.xcconfig */;
			buildSettings = {
				ALWAYS_EMBED_SWIFT_STANDARD_LIBRARIES = YES;
				CODE_SIGN_STYLE = Automatic;
				CURRENT_PROJECT_VERSION = 1;
				DEVELOPMENT_TEAM = B2FWVJ8N6B;
				GENERATE_INFOPLIST_FILE = YES;
				MARKETING_VERSION = 1.0;
				PRODUCT_BUNDLE_IDENTIFIER = "Nikita-Gras.TrackifyUITests";
				PRODUCT_NAME = "$(TARGET_NAME)";
				SWIFT_EMIT_LOC_STRINGS = NO;
				SWIFT_VERSION = 5.0;
				TARGETED_DEVICE_FAMILY = "1,2";
				TEST_TARGET_NAME = Trackify;
			};
			name = Release;
		};
/* End XCBuildConfiguration section */

/* Begin XCConfigurationList section */
		5AF9683F2B62C9F9004BF0AF /* Build configuration list for PBXProject "Trackify" */ = {
			isa = XCConfigurationList;
			buildConfigurations = (
				5AF9686F2B62C9FC004BF0AF /* Debug */,
				5AF968702B62C9FC004BF0AF /* Release */,
			);
			defaultConfigurationIsVisible = 0;
			defaultConfigurationName = Release;
		};
		5AF968712B62C9FC004BF0AF /* Build configuration list for PBXNativeTarget "Trackify" */ = {
			isa = XCConfigurationList;
			buildConfigurations = (
				5AF968722B62C9FC004BF0AF /* Debug */,
				5AF968732B62C9FC004BF0AF /* Release */,
			);
			defaultConfigurationIsVisible = 0;
			defaultConfigurationName = Release;
		};
		5AF968742B62C9FC004BF0AF /* Build configuration list for PBXNativeTarget "TrackifyTests" */ = {
			isa = XCConfigurationList;
			buildConfigurations = (
				5AF968752B62C9FC004BF0AF /* Debug */,
				5AF968762B62C9FC004BF0AF /* Release */,
			);
			defaultConfigurationIsVisible = 0;
			defaultConfigurationName = Release;
		};
		5AF968772B62C9FC004BF0AF /* Build configuration list for PBXNativeTarget "TrackifyUITests" */ = {
			isa = XCConfigurationList;
			buildConfigurations = (
				5AF968782B62C9FC004BF0AF /* Debug */,
				5AF968792B62C9FC004BF0AF /* Release */,
			);
			defaultConfigurationIsVisible = 0;
			defaultConfigurationName = Release;
		};
/* End XCConfigurationList section */

/* Begin XCVersionGroup section */
		5AF968502B62C9FA004BF0AF /* Trackify.xcdatamodeld */ = {
			isa = XCVersionGroup;
			children = (
				5AF968512B62C9FA004BF0AF /* Trackify.xcdatamodel */,
			);
			currentVersion = 5AF968512B62C9FA004BF0AF /* Trackify.xcdatamodel */;
			path = Trackify.xcdatamodeld;
			sourceTree = "<group>";
			versionGroupType = wrapper.xcdatamodel;
		};
/* End XCVersionGroup section */
	};
	rootObject = 5AF9683C2B62C9F9004BF0AF /* Project object */;
}
